
Microsoft Visual Studio Solution File, Format Version 12.00
# Visual Studio Version 17
VisualStudioVersion = 17.10.34928.147
MinimumVisualStudioVersion = 10.0.40219.1
Project("{FAE04EC0-301F-11D3-BF4B-00C04F79EFBC}") = "Employee_Attendence", "Employee_Attendence\Employee_Attendence.csproj", "{18623D9D-A3E4-4354-9CB6-7CAF89CBDAA3}"
EndProject
Global
	GlobalSection(SolutionConfigurationPlatforms) = preSolution
		Debug|Any CPU = Debug|Any CPU
		Release|Any CPU = Release|Any CPU
	EndGlobalSection
	GlobalSection(ProjectConfigurationPlatforms) = postSolution
		{18623D9D-A3E4-4354-9CB6-7CAF89CBDAA3}.Debug|Any CPU.ActiveCfg = Debug|Any CPU
		{18623D9D-A3E4-4354-9CB6-7CAF89CBDAA3}.Debug|Any CPU.Build.0 = Debug|Any CPU
		{18623D9D-A3E4-4354-9CB6-7CAF89CBDAA3}.Release|Any CPU.ActiveCfg = Release|Any CPU
		{18623D9D-A3E4-4354-9CB6-7CAF89CBDAA3}.Release|Any CPU.Build.0 = Release|Any CPU
	EndGlobalSection
	GlobalSection(SolutionProperties) = preSolution
		HideSolutionNode = FALSE
	EndGlobalSection
	GlobalSection(ExtensibilityGlobals) = postSolution
		SolutionGuid = {5AC7496E-F43D-4CF0-B92C-8B67A81E9846}
	EndGlobalSection
EndGlobal
